{
  "nodes": {
    "gemini-cli-main-src": {
      "flake": false,
      "locked": {
        "lastModified": 1780506926,
        "narHash": "sha256-3piKAs7tW0NSm7Xq/UjvM+WAYyEbhC2vSjegAV+Z550=",
        "owner": "google-gemini",
        "repo": "gemini-cli",
        "rev": "4196596f7f48c0c397776f0cb7862c88d8fae91e",
        "type": "github"
      },
      "original": {
        "owner": "google-gemini",
        "ref": "main",
        "repo": "gemini-cli",
        "type": "github"
      }
    },
    "gemini-cli-nightly-src": {
      "flake": false,
      "locked": {
        "lastModified": 1780545623,
        "narHash": "sha256-9uLAO2in0dYflOrQqhepoDYD9BApwMVvzzK/hxFOQrA=",
        "owner": "google-gemini",
        "repo": "gemini-cli",
        "rev": "bd0bc9a747cb092b81385d53a63a7717efe496d2",
        "type": "github"
      },
      "original": {
        "owner": "google-gemini",
        "ref": "v0.47.0-nightly.20260604.g4196596f7",
        "repo": "gemini-cli",
        "type": "github"
      }
    },
    "gemini-cli-stable-src": {
      "flake": false,
      "locked": {
        "lastModified": 1780448221,
        "narHash": "sha256-qab0cfc47C33enSmoV1t3GIkTSGFdC3tmY/ZCEAeF5Y=",
        "owner": "google-gemini",
        "repo": "gemini-cli",
        "rev": "0a11ce3e93ab0e9a15efc744164484c793a5379e",
        "type": "github"
      },
      "original": {
        "owner": "google-gemini",
        "ref": "v0.45.0",
        "repo": "gemini-cli",
        "type": "github"
      }
    },
    "nixpkgs": {
      "locked": {
        "lastModified": 1773734432,
        "narHash": "sha256-IF5ppUWh6gHGHYDbtVUyhwy/i7D261P7fWD1bPefOsw=",
        "owner": "NixOS",
        "repo": "nixpkgs",
        "rev": "cda48547b432e8d3b18b4180ba07473762ec8558",
        "type": "github"
      },
      "original": {
        "owner": "NixOS",
        "ref": "nixos-unstable",
        "repo": "nixpkgs",
        "type": "github"
      }
    },
    "root": {
      "inputs": {
        "gemini-cli-main-src": "gemini-cli-main-src",
        "gemini-cli-nightly-src": "gemini-cli-nightly-src",
        "gemini-cli-stable-src": "gemini-cli-stable-src",
        "nixpkgs": "nixpkgs"
      }
    }
  },
  "root": "root",
  "version": 7
}
