{
  "nodes": {
    "gemini-cli-main-src": {
      "flake": false,
      "locked": {
        "lastModified": 1780670113,
        "narHash": "sha256-3hHSSVQ5M6+aH0ZhgS9eBqJisUBgwIcvBiBWS2FWUHI=",
        "owner": "google-gemini",
        "repo": "gemini-cli",
        "rev": "f40498db644ac570a4bba90bb8711239d802ddc6",
        "type": "github"
      },
      "original": {
        "owner": "google-gemini",
        "ref": "main",
        "repo": "gemini-cli",
        "type": "github"
      }
    },
    "gemini-cli-nightly-src": {
      "flake": false,
      "locked": {
        "lastModified": 1788485352,
        "narHash": "sha256-4ofUukwPoFEqJ5K8lSAKpX2J7Ma/7T9sMX1z5t9OF94=",
        "owner": "google-gemini",
        "repo": "gemini-cli",
        "rev": "b8d1bc6ab4b306ed486a1d2fd3de1aef2f94c860",
        "type": "github"
      },
      "original": {
        "owner": "google-gemini",
        "ref": "v0.60.0-nightly.20260904.g87a9c71d5",
        "repo": "gemini-cli",
        "type": "github"
      }
    },
    "gemini-cli-stable-src": {
      "flake": false,
      "locked": {
        "lastModified": 1788295455,
        "narHash": "sha256-DOR857IMRHmM1g/rxTCCeD7lhYm+s+DtG39pMwFSv3c=",
        "owner": "google-gemini",
        "repo": "gemini-cli",
        "rev": "ac9431c9e2290d68af31a77614ff2fddb2391ca3",
        "type": "github"
      },
      "original": {
        "owner": "google-gemini",
        "ref": "v0.58.0",
        "repo": "gemini-cli",
        "type": "github"
      }
    },
    "nixpkgs": {
      "locked": {
        "lastModified": 1780243769,
        "narHash": "sha256-x5UQuRsH3MqI0U9afaXSNqzTPSeZlRLvFAav2Ux1pNw=",
        "owner": "NixOS",
        "repo": "nixpkgs",
        "rev": "331800de5053fcebacf6813adb5db9c9dca22a0c",
        "type": "github"
      },
      "original": {
        "owner": "NixOS",
        "ref": "nixos-unstable",
        "repo": "nixpkgs",
        "type": "github"
      }
    },
    "root": {
      "inputs": {
        "gemini-cli-main-src": "gemini-cli-main-src",
        "gemini-cli-nightly-src": "gemini-cli-nightly-src",
        "gemini-cli-stable-src": "gemini-cli-stable-src",
        "nixpkgs": "nixpkgs"
      }
    }
  },
  "root": "root",
  "version": 7
}
