{
  "nodes": {
    "gemini-cli-main-src": {
      "flake": false,
      "locked": {
        "lastModified": 1778201639,
        "narHash": "sha256-JLX+ZqE8pfG7O2jpO6bAD9X7BEVJmuoz1YQu5DAxNo4=",
        "owner": "google-gemini",
        "repo": "gemini-cli",
        "rev": "38a9dd18d3b9425fc82709a8acd16508ed18770f",
        "type": "github"
      },
      "original": {
        "owner": "google-gemini",
        "ref": "main",
        "repo": "gemini-cli",
        "type": "github"
      }
    },
    "gemini-cli-nightly-src": {
      "flake": false,
      "locked": {
        "lastModified": 1778173104,
        "narHash": "sha256-7rhNCojBL/ebqQn3ilreSbsglylzZY5/G4W2VYXj/CQ=",
        "owner": "google-gemini",
        "repo": "gemini-cli",
        "rev": "51e53ffae392125a8245e32b0a3d4a2f2fb95aaf",
        "type": "github"
      },
      "original": {
        "owner": "google-gemini",
        "ref": "v0.42.0-nightly.20260507.ga809bc7c5",
        "repo": "gemini-cli",
        "type": "github"
      }
    },
    "gemini-cli-stable-src": {
      "flake": false,
      "locked": {
        "lastModified": 1778090184,
        "narHash": "sha256-4jwEviWYzan97pVn0RWfWU4XS8c27L4ZJUwa2iGlFxY=",
        "owner": "google-gemini",
        "repo": "gemini-cli",
        "rev": "b0c7a1722afe458135a1770eee1f6c856d7ed59a",
        "type": "github"
      },
      "original": {
        "owner": "google-gemini",
        "ref": "v0.41.2",
        "repo": "gemini-cli",
        "type": "github"
      }
    },
    "nixpkgs": {
      "locked": {
        "lastModified": 1773734432,
        "narHash": "sha256-IF5ppUWh6gHGHYDbtVUyhwy/i7D261P7fWD1bPefOsw=",
        "owner": "NixOS",
        "repo": "nixpkgs",
        "rev": "cda48547b432e8d3b18b4180ba07473762ec8558",
        "type": "github"
      },
      "original": {
        "owner": "NixOS",
        "ref": "nixos-unstable",
        "repo": "nixpkgs",
        "type": "github"
      }
    },
    "root": {
      "inputs": {
        "gemini-cli-main-src": "gemini-cli-main-src",
        "gemini-cli-nightly-src": "gemini-cli-nightly-src",
        "gemini-cli-stable-src": "gemini-cli-stable-src",
        "nixpkgs": "nixpkgs"
      }
    }
  },
  "root": "root",
  "version": 7
}
