{
  "lockfile-version": 1,
  "manifest": {
    "schema-version": "1.10.0",
    "install": {
      "bun": {
        "pkg-path": "bun"
      }
    },
    "hook": {},
    "profile": {},
    "options": {}
  },
  "packages": [
    {
      "attr_path": "bun",
      "broken": false,
      "derivation": "/nix/store/xfdhjh5zyg8x3i5rh9w7k4rm52zgk7c0-bun-1.3.11.drv",
      "description": "Incredibly fast JavaScript runtime, bundler, transpiler and package manager – all in one",
      "install_id": "bun",
      "license": "[ MIT, LGPL-2.1-only ]",
      "locked_url": "https://github.com/flox/nixpkgs?rev=4bd9165a9165d7b5e33ae57f3eecbcb28fb231c9",
      "name": "bun-1.3.11",
      "pname": "bun",
      "rev": "4bd9165a9165d7b5e33ae57f3eecbcb28fb231c9",
      "rev_count": 980183,
      "rev_date": "2026-04-14T12:31:25Z",
      "scrape_date": "2026-04-16T06:05:18.013913Z",
      "stabilities": [
        "staging",
        "unstable"
      ],
      "unfree": false,
      "version": "1.3.11",
      "outputs_to_install": [
        "out"
      ],
      "outputs": {
        "out": "/nix/store/4ry96w6s7jql71336lfm31m7fwn3ri2d-bun-1.3.11"
      },
      "system": "aarch64-darwin",
      "group": "toplevel",
      "priority": 5
    },
    {
      "attr_path": "bun",
      "broken": false,
      "derivation": "/nix/store/qjvwg5k4mn20j9v1lhbvzyc0dl7r8jv3-bun-1.3.11.drv",
      "description": "Incredibly fast JavaScript runtime, bundler, transpiler and package manager – all in one",
      "install_id": "bun",
      "license": "[ MIT, LGPL-2.1-only ]",
      "locked_url": "https://github.com/flox/nixpkgs?rev=4bd9165a9165d7b5e33ae57f3eecbcb28fb231c9",
      "name": "bun-1.3.11",
      "pname": "bun",
      "rev": "4bd9165a9165d7b5e33ae57f3eecbcb28fb231c9",
      "rev_count": 980183,
      "rev_date": "2026-04-14T12:31:25Z",
      "scrape_date": "2026-04-16T06:37:12.860681Z",
      "stabilities": [
        "staging",
        "unstable"
      ],
      "unfree": false,
      "version": "1.3.11",
      "outputs_to_install": [
        "out"
      ],
      "outputs": {
        "out": "/nix/store/n24wmwy3slpa1z9d5x6hyw9s2r41xjxm-bun-1.3.11"
      },
      "system": "aarch64-linux",
      "group": "toplevel",
      "priority": 5
    },
    {
      "attr_path": "bun",
      "broken": false,
      "derivation": "/nix/store/da7ilgdnpa71nc88gyxllwsvn61z7qyk-bun-1.3.11.drv",
      "description": "Incredibly fast JavaScript runtime, bundler, transpiler and package manager – all in one",
      "install_id": "bun",
      "license": "[ MIT, LGPL-2.1-only ]",
      "locked_url": "https://github.com/flox/nixpkgs?rev=4bd9165a9165d7b5e33ae57f3eecbcb28fb231c9",
      "name": "bun-1.3.11",
      "pname": "bun",
      "rev": "4bd9165a9165d7b5e33ae57f3eecbcb28fb231c9",
      "rev_count": 980183,
      "rev_date": "2026-04-14T12:31:25Z",
      "scrape_date": "2026-04-16T07:08:01.988123Z",
      "stabilities": [
        "staging",
        "unstable"
      ],
      "unfree": false,
      "version": "1.3.11",
      "outputs_to_install": [
        "out"
      ],
      "outputs": {
        "out": "/nix/store/582vfzcrgff132nbx86qbp8l3wfw7hr2-bun-1.3.11"
      },
      "system": "x86_64-darwin",
      "group": "toplevel",
      "priority": 5
    },
    {
      "attr_path": "bun",
      "broken": false,
      "derivation": "/nix/store/64i3nhw4vszdmfkc8mja1g8v0gsfbps5-bun-1.3.11.drv",
      "description": "Incredibly fast JavaScript runtime, bundler, transpiler and package manager – all in one",
      "install_id": "bun",
      "license": "[ MIT, LGPL-2.1-only ]",
      "locked_url": "https://github.com/flox/nixpkgs?rev=4bd9165a9165d7b5e33ae57f3eecbcb28fb231c9",
      "name": "bun-1.3.11",
      "pname": "bun",
      "rev": "4bd9165a9165d7b5e33ae57f3eecbcb28fb231c9",
      "rev_count": 980183,
      "rev_date": "2026-04-14T12:31:25Z",
      "scrape_date": "2026-04-16T07:42:41.087634Z",
      "stabilities": [
        "staging",
        "unstable"
      ],
      "unfree": false,
      "version": "1.3.11",
      "outputs_to_install": [
        "out"
      ],
      "outputs": {
        "out": "/nix/store/4b7jvqsqywnsb273svingfmpqschkszi-bun-1.3.11"
      },
      "system": "x86_64-linux",
      "group": "toplevel",
      "priority": 5
    }
  ]
}
